
Microsoft Visual Studio Solution File, Format Version 12.00
# Visual Studio Version 16
VisualStudioVersion = 16.0.35931.194
MinimumVisualStudioVersion = 10.0.40219.1
Project("{FAE04EC0-301F-11D3-BF4B-00C04F79EFBC}") = "WindowsFormsApp1_testCSV", "WindowsFormsApp1_testCSV\WindowsFormsApp1_testCSV.csproj", "{43827C2B-2B26-46B4-85E9-53403837002A}"
EndProject
Global
	GlobalSection(SolutionConfigurationPlatforms) = preSolution
		Debug|Any CPU = Debug|Any CPU
		Release|Any CPU = Release|Any CPU
	EndGlobalSection
	GlobalSection(ProjectConfigurationPlatforms) = postSolution
		{43827C2B-2B26-46B4-85E9-53403837002A}.Debug|Any CPU.ActiveCfg = Debug|Any CPU
		{43827C2B-2B26-46B4-85E9-53403837002A}.Debug|Any CPU.Build.0 = Debug|Any CPU
		{43827C2B-2B26-46B4-85E9-53403837002A}.Release|Any CPU.ActiveCfg = Release|Any CPU
		{43827C2B-2B26-46B4-85E9-53403837002A}.Release|Any CPU.Build.0 = Release|Any CPU
	EndGlobalSection
	GlobalSection(SolutionProperties) = preSolution
		HideSolutionNode = FALSE
	EndGlobalSection
	GlobalSection(ExtensibilityGlobals) = postSolution
		SolutionGuid = {6CFF4AE9-6CCB-44B2-A2E2-C1209B1D7A6A}
	EndGlobalSection
EndGlobal
